{
  "version": 4,
  "terraform_version": "1.7.5",
  "serial": 12,
  "lineage": "3c49f703-8cfd-2d44-73a9-f8fc609edc05",
  "outputs": {
    "gcloud_config": {
      "value": {
        "project_id": "tuto-terraform-truan",
        "region": "europe-west9",
        "zone": "europe-west9-a"
      },
      "type": [
        "object",
        {
          "project_id": "string",
          "region": "string",
          "zone": "string"
        }
      ]
    },
    "kubernetes_cluster_host": {
      "value": "34.163.239.115",
      "type": "string"
    },
    "kubernetes_cluster_name": {
      "value": "tuto-terraform-truan-gke",
      "type": "string"
    }
  },
  "resources": [
    {
      "mode": "managed",
      "type": "google_compute_network",
      "name": "myvpc",
      "provider": "provider[\"registry.terraform.io/hashicorp/google\"]",
      "instances": [
        {
          "schema_version": 0,
          "attributes": {
            "auto_create_subnetworks": false,
            "delete_default_routes_on_create": false,
            "description": "",
            "enable_ula_internal_ipv6": false,
            "gateway_ipv4": "",
            "id": "projects/tuto-terraform-truan/global/networks/tuto-terraform-truan-vpc",
            "internal_ipv6_range": "",
            "mtu": 0,
            "name": "tuto-terraform-truan-vpc",
            "network_firewall_policy_enforcement_order": "AFTER_CLASSIC_FIREWALL",
            "project": "tuto-terraform-truan",
            "routing_mode": "REGIONAL",
            "self_link": "https://www.googleapis.com/compute/v1/projects/tuto-terraform-truan/global/networks/tuto-terraform-truan-vpc",
            "timeouts": null
          },
          "sensitive_attributes": [],
          "private": "eyJlMmJmYjczMC1lY2FhLTExZTYtOGY4OC0zNDM2M2JjN2M0YzAiOnsiY3JlYXRlIjoxMjAwMDAwMDAwMDAwLCJkZWxldGUiOjEyMDAwMDAwMDAwMDAsInVwZGF0ZSI6MTIwMDAwMDAwMDAwMH19"
        }
      ]
    },
    {
      "mode": "managed",
      "type": "google_compute_subnetwork",
      "name": "mysubnet",
      "provider": "provider[\"registry.terraform.io/hashicorp/google\"]",
      "instances": [
        {
          "schema_version": 0,
          "attributes": {
            "creation_timestamp": "2024-03-27T09:12:40.957-07:00",
            "description": "",
            "external_ipv6_prefix": "",
            "fingerprint": null,
            "gateway_address": "10.10.0.1",
            "id": "projects/tuto-terraform-truan/regions/europe-west9/subnetworks/tuto-terraform-truan-subnet",
            "internal_ipv6_prefix": "",
            "ip_cidr_range": "10.10.0.0/24",
            "ipv6_access_type": "",
            "ipv6_cidr_range": "",
            "log_config": [],
            "name": "tuto-terraform-truan-subnet",
            "network": "https://www.googleapis.com/compute/v1/projects/tuto-terraform-truan/global/networks/tuto-terraform-truan-vpc",
            "private_ip_google_access": true,
            "private_ipv6_google_access": "DISABLE_GOOGLE_ACCESS",
            "project": "tuto-terraform-truan",
            "purpose": "PRIVATE",
            "region": "europe-west9",
            "role": "",
            "secondary_ip_range": [
              {
                "ip_cidr_range": "10.4.0.0/14",
                "range_name": "gke-tuto-terraform-truan-gke-pods-39769f9b"
              },
              {
                "ip_cidr_range": "10.29.96.0/20",
                "range_name": "gke-tuto-terraform-truan-gke-services-39769f9b"
              }
            ],
            "self_link": "https://www.googleapis.com/compute/v1/projects/tuto-terraform-truan/regions/europe-west9/subnetworks/tuto-terraform-truan-subnet",
            "stack_type": "IPV4_ONLY",
            "timeouts": null
          },
          "sensitive_attributes": [],
          "private": "eyJlMmJmYjczMC1lY2FhLTExZTYtOGY4OC0zNDM2M2JjN2M0YzAiOnsiY3JlYXRlIjoxMjAwMDAwMDAwMDAwLCJkZWxldGUiOjEyMDAwMDAwMDAwMDAsInVwZGF0ZSI6MTIwMDAwMDAwMDAwMH19",
          "dependencies": [
            "google_compute_network.myvpc"
          ]
        }
      ]
    },
    {
      "mode": "managed",
      "type": "google_container_cluster",
      "name": "mycluster",
      "provider": "provider[\"registry.terraform.io/hashicorp/google\"]",
      "instances": [
        {
          "schema_version": 2,
          "attributes": {
            "addons_config": [
              {
                "cloudrun_config": [],
                "config_connector_config": [],
                "dns_cache_config": [],
                "gce_persistent_disk_csi_driver_config": [
                  {
                    "enabled": true
                  }
                ],
                "gcp_filestore_csi_driver_config": [],
                "gcs_fuse_csi_driver_config": [],
                "gke_backup_agent_config": [],
                "horizontal_pod_autoscaling": [],
                "http_load_balancing": [],
                "network_policy_config": [
                  {
                    "disabled": true
                  }
                ]
              }
            ],
            "allow_net_admin": null,
            "authenticator_groups_config": [],
            "binary_authorization": [
              {
                "enabled": false,
                "evaluation_mode": ""
              }
            ],
            "cluster_autoscaling": [
              {
                "auto_provisioning_defaults": [],
                "enabled": false,
                "resource_limits": []
              }
            ],
            "cluster_ipv4_cidr": "10.4.0.0/14",
            "confidential_nodes": [],
            "cost_management_config": [],
            "database_encryption": [
              {
                "key_name": "",
                "state": "DECRYPTED"
              }
            ],
            "datapath_provider": "",
            "default_max_pods_per_node": 110,
            "default_snat_status": [
              {
                "disabled": false
              }
            ],
            "deletion_protection": false,
            "description": "",
            "dns_config": [],
            "enable_autopilot": false,
            "enable_intranode_visibility": false,
            "enable_k8s_beta_apis": [],
            "enable_kubernetes_alpha": false,
            "enable_l4_ilb_subsetting": false,
            "enable_legacy_abac": false,
            "enable_shielded_nodes": true,
            "enable_tpu": false,
            "endpoint": "34.163.239.115",
            "fleet": [],
            "gateway_api_config": [],
            "id": "projects/tuto-terraform-truan/locations/europe-west9/clusters/tuto-terraform-truan-gke",
            "identity_service_config": [],
            "initial_node_count": 1,
            "ip_allocation_policy": [
              {
                "additional_pod_ranges_config": [],
                "cluster_ipv4_cidr_block": "10.4.0.0/14",
                "cluster_secondary_range_name": "gke-tuto-terraform-truan-gke-pods-39769f9b",
                "pod_cidr_overprovision_config": [
                  {
                    "disabled": false
                  }
                ],
                "services_ipv4_cidr_block": "10.29.96.0/20",
                "services_secondary_range_name": "gke-tuto-terraform-truan-gke-services-39769f9b",
                "stack_type": "IPV4"
              }
            ],
            "label_fingerprint": "a9dc16a7",
            "location": "europe-west9",
            "logging_config": [
              {
                "enable_components": [
                  "SYSTEM_COMPONENTS",
                  "WORKLOADS"
                ]
              }
            ],
            "logging_service": "logging.googleapis.com/kubernetes",
            "maintenance_policy": [],
            "master_auth": [
              {
                "client_certificate": "",
                "client_certificate_config": [
                  {
                    "issue_client_certificate": false
                  }
                ],
                "client_key": "",
                "cluster_ca_certificate": "LS0tLS1CRUdJTiBDRVJUSUZJQ0FURS0tLS0tCk1JSUVMRENDQXBTZ0F3SUJBZ0lRV2t1NlhabXpHQVpVSi9wVEhHb25VREFOQmdrcWhraUc5dzBCQVFzRkFEQXYKTVMwd0t3WURWUVFERXlSak5USmxOR0k0TUMwMU9HSXpMVFF3TVdRdFlUUm1ZeTAzTVdOalpXUmtOak5sTVRRdwpJQmNOTWpRd016STNNVFV4TkRBeldoZ1BNakExTkRBek1qQXhOakUwTUROYU1DOHhMVEFyQmdOVkJBTVRKR00xCk1tVTBZamd3TFRVNFlqTXROREF4WkMxaE5HWmpMVGN4WTJObFpHUTJNMlV4TkRDQ0FhSXdEUVlKS29aSWh2Y04KQVFFQkJRQURnZ0dQQURDQ0FZb0NnZ0dCQUtmaU05RkVCWVJrd1NEMERwY2RxYWZtTFVlblpvNFVyT3pnQ0hRQQpDVkZuM0JyMWZWalZ1UFNjbnpocHc4SFBsZzlXWVBxdnpZaEZTMjBoK0pMU25MeVpSbDhCY2VKWFJIbTgyOTJnCkI4RkxSeTFRSXJyOUFrQVRDNi9POVZHa3hKV2Z2N2NkZGc2bGF3UEk3WThFNi9PdVJSUDBPbnpQVFhJd0dVWWYKVm16bEJrQTd6cXVnMEd3VkMxQ0g2QW5qM3ZidGF1ak1jV3VyeFVlWjlPS21oRDJOSFl0Y0FvK3kxOHJHYlBNZwpUV2I5RDhUOXUydXJ3OFdDakl2aTA1c1lGU1FrM0JRcE43Qi9xRngwVThtYVJHWW5vam9kVzRXWTNZQS9DdWxMCjl5c0JpQnhVOVg1VHpPaEdpVUdES1pSZXYwYUlUOHF3WmpiWm11eVd6WExFRGlGZ1oybkpML2k5d01qakpweUYKZ2gxR1Y0U1NQaThDdGVNb0pHOTdGeEV5ZkVaeDUxMFVtVWVBWEdlOXVYbXlweWt1bkRhaThocEpMOVFYUGFCTwpsU1NCTVk3RjNSS0hCYSt0OUVEcUFRdlF5WHdXSGdZTmJEZGJ6bjlkTk5EczZWQmRaYUV6OXdabU1HSjNyUGxVCkdER2xCakZQVFE3OStjZTdvM0VxbDVLUnp3SURBUUFCbzBJd1FEQU9CZ05WSFE4QkFmOEVCQU1DQWdRd0R3WUQKVlIwVEFRSC9CQVV3QXdFQi96QWRCZ05WSFE0RUZnUVVyTnFMMDBCYXdkOEVaVzlHNXdIQW0vT01nUTR3RFFZSgpLb1pJaHZjTkFRRUxCUUFEZ2dHQkFESUJiSk8rN3ZaQ0prT2ZGSmtGaU9lZ1Bka2Z6Zk1Yd0p0Tk5Oa1ZmT3VECnlsaWprdlk5TVRXMmQ5SHAyYXorZnRXYWJJcjgyTnd2VjdUZ0ZYVkE3R2xtOUNXQlI2UjdORk94d1EzNThSQ2kKU3RtdHVYWUJBclU3VDY4YUQ3QmJ2RWhtbzRnajk3NEFZMm1iQkR4emZEeUJvYWxZcklHTHc3MDFOaldHNmthRApaTFA0Q0kwQnhZdHp2T1hRTVBPTkZEcVlZNE5jbzRtRUJXWHVsZDcrdmc3NjBralk5ZGlVWnhzcjZ3TWpUeW9jCkNHaXRaMGFUR3VVRGozT0tGN043SlRtQi80U3JvaGNwMTFwaU84aTF3azlkSUJHS1JuZTQ4YUlQb3BNUldlYTYKeHdpd1ZrSFVWeDR3d2lZUmZrSmRKOVQ3L25RKzhYZFE5a25RS29ibDdrNzIxamNUaTg4enE1MERwekNWSzYwTwpqWU41UXN4OEdXaVFPUHZBSWZZWG10dmJ4OGJtbnNlOFVWTTNJdFUxa3cvWXMwcVIzeEhwNi8xUU84RlhDOXlNCjd5WWVoWm1qSjZSa2hoazFoTDBxNUVYTWkvUURmbnNFcWlkNWozeFR1L3h6REdJZDQzWUhrcDBIWHNoVCs1UUgKUnFWOW8ySGRCSHI0cTd2U05VLzZQdz09Ci0tLS0tRU5EIENFUlRJRklDQVRFLS0tLS0K"
              }
            ],
            "master_authorized_networks_config": [],
            "master_version": "1.27.8-gke.1067004",
            "mesh_certificates": [],
            "min_master_version": null,
            "monitoring_config": [
              {
                "advanced_datapath_observability_config": [
                  {
                    "enable_metrics": false,
                    "relay_mode": ""
                  }
                ],
                "enable_components": [
                  "SYSTEM_COMPONENTS"
                ],
                "managed_prometheus": [
                  {
                    "enabled": true
                  }
                ]
              }
            ],
            "monitoring_service": "monitoring.googleapis.com/kubernetes",
            "name": "tuto-terraform-truan-gke",
            "network": "projects/tuto-terraform-truan/global/networks/tuto-terraform-truan-vpc",
            "network_policy": [
              {
                "enabled": false,
                "provider": "PROVIDER_UNSPECIFIED"
              }
            ],
            "networking_mode": "VPC_NATIVE",
            "node_config": [
              {
                "advanced_machine_features": [],
                "boot_disk_kms_key": "",
                "confidential_nodes": [],
                "disk_size_gb": 100,
                "disk_type": "pd-balanced",
                "effective_taints": [],
                "ephemeral_storage_local_ssd_config": [],
                "fast_socket": [],
                "gcfs_config": [],
                "guest_accelerator": [],
                "gvnic": [],
                "host_maintenance_policy": [],
                "image_type": "COS_CONTAINERD",
                "kubelet_config": [],
                "labels": {},
                "linux_node_config": [],
                "local_nvme_ssd_block_config": [],
                "local_ssd_count": 0,
                "logging_variant": "DEFAULT",
                "machine_type": "e2-medium",
                "metadata": {
                  "disable-legacy-endpoints": "true"
                },
                "min_cpu_platform": "",
                "node_group": "",
                "oauth_scopes": [
                  "https://www.googleapis.com/auth/devstorage.read_only",
                  "https://www.googleapis.com/auth/logging.write",
                  "https://www.googleapis.com/auth/monitoring",
                  "https://www.googleapis.com/auth/service.management.readonly",
                  "https://www.googleapis.com/auth/servicecontrol",
                  "https://www.googleapis.com/auth/trace.append"
                ],
                "preemptible": false,
                "reservation_affinity": [],
                "resource_labels": {},
                "service_account": "default",
                "shielded_instance_config": [
                  {
                    "enable_integrity_monitoring": true,
                    "enable_secure_boot": false
                  }
                ],
                "sole_tenant_config": [],
                "spot": false,
                "tags": [],
                "taint": [],
                "workload_metadata_config": []
              }
            ],
            "node_locations": [
              "europe-west9-a",
              "europe-west9-b",
              "europe-west9-c"
            ],
            "node_pool": [
              {
                "autoscaling": [],
                "initial_node_count": 1,
                "instance_group_urls": [
                  "https://www.googleapis.com/compute/v1/projects/tuto-terraform-truan/zones/europe-west9-b/instanceGroupManagers/gke-tuto-terraform-truan-default-pool-68ce10a9-grp",
                  "https://www.googleapis.com/compute/v1/projects/tuto-terraform-truan/zones/europe-west9-a/instanceGroupManagers/gke-tuto-terraform-truan-default-pool-f7c17af0-grp",
                  "https://www.googleapis.com/compute/v1/projects/tuto-terraform-truan/zones/europe-west9-c/instanceGroupManagers/gke-tuto-terraform-truan-default-pool-61e74264-grp"
                ],
                "managed_instance_group_urls": [
                  "https://www.googleapis.com/compute/v1/projects/tuto-terraform-truan/zones/europe-west9-b/instanceGroups/gke-tuto-terraform-truan-default-pool-68ce10a9-grp",
                  "https://www.googleapis.com/compute/v1/projects/tuto-terraform-truan/zones/europe-west9-a/instanceGroups/gke-tuto-terraform-truan-default-pool-f7c17af0-grp",
                  "https://www.googleapis.com/compute/v1/projects/tuto-terraform-truan/zones/europe-west9-c/instanceGroups/gke-tuto-terraform-truan-default-pool-61e74264-grp"
                ],
                "management": [
                  {
                    "auto_repair": true,
                    "auto_upgrade": true
                  }
                ],
                "max_pods_per_node": 110,
                "name": "default-pool",
                "name_prefix": "",
                "network_config": [
                  {
                    "create_pod_range": false,
                    "enable_private_nodes": false,
                    "pod_cidr_overprovision_config": [],
                    "pod_ipv4_cidr_block": "10.4.0.0/14",
                    "pod_range": "gke-tuto-terraform-truan-gke-pods-39769f9b"
                  }
                ],
                "node_config": [
                  {
                    "advanced_machine_features": [],
                    "boot_disk_kms_key": "",
                    "confidential_nodes": [],
                    "disk_size_gb": 100,
                    "disk_type": "pd-balanced",
                    "effective_taints": [],
                    "ephemeral_storage_local_ssd_config": [],
                    "fast_socket": [],
                    "gcfs_config": [],
                    "guest_accelerator": [],
                    "gvnic": [],
                    "host_maintenance_policy": [],
                    "image_type": "COS_CONTAINERD",
                    "kubelet_config": [],
                    "labels": {},
                    "linux_node_config": [],
                    "local_nvme_ssd_block_config": [],
                    "local_ssd_count": 0,
                    "logging_variant": "DEFAULT",
                    "machine_type": "e2-medium",
                    "metadata": {
                      "disable-legacy-endpoints": "true"
                    },
                    "min_cpu_platform": "",
                    "node_group": "",
                    "oauth_scopes": [
                      "https://www.googleapis.com/auth/devstorage.read_only",
                      "https://www.googleapis.com/auth/logging.write",
                      "https://www.googleapis.com/auth/monitoring",
                      "https://www.googleapis.com/auth/service.management.readonly",
                      "https://www.googleapis.com/auth/servicecontrol",
                      "https://www.googleapis.com/auth/trace.append"
                    ],
                    "preemptible": false,
                    "reservation_affinity": [],
                    "resource_labels": {},
                    "service_account": "default",
                    "shielded_instance_config": [
                      {
                        "enable_integrity_monitoring": true,
                        "enable_secure_boot": false
                      }
                    ],
                    "sole_tenant_config": [],
                    "spot": false,
                    "tags": [],
                    "taint": [],
                    "workload_metadata_config": []
                  }
                ],
                "node_count": 1,
                "node_locations": [
                  "europe-west9-a",
                  "europe-west9-b",
                  "europe-west9-c"
                ],
                "placement_policy": [],
                "upgrade_settings": [
                  {
                    "blue_green_settings": [],
                    "max_surge": 1,
                    "max_unavailable": 0,
                    "strategy": "SURGE"
                  }
                ],
                "version": "1.27.8-gke.1067004"
              }
            ],
            "node_pool_auto_config": [],
            "node_pool_defaults": [
              {
                "node_config_defaults": [
                  {
                    "logging_variant": "DEFAULT"
                  }
                ]
              }
            ],
            "node_version": "1.27.8-gke.1067004",
            "notification_config": [
              {
                "pubsub": [
                  {
                    "enabled": false,
                    "filter": [],
                    "topic": ""
                  }
                ]
              }
            ],
            "operation": null,
            "private_cluster_config": [
              {
                "enable_private_endpoint": false,
                "enable_private_nodes": false,
                "master_global_access_config": [
                  {
                    "enabled": false
                  }
                ],
                "master_ipv4_cidr_block": "",
                "peering_name": "",
                "private_endpoint": "10.10.0.2",
                "private_endpoint_subnetwork": "",
                "public_endpoint": "34.163.239.115"
              }
            ],
            "private_ipv6_google_access": "",
            "project": "tuto-terraform-truan",
            "release_channel": [
              {
                "channel": "REGULAR"
              }
            ],
            "remove_default_node_pool": false,
            "resource_labels": {},
            "resource_usage_export_config": [],
            "security_posture_config": [
              {
                "mode": "BASIC",
                "vulnerability_mode": "VULNERABILITY_MODE_UNSPECIFIED"
              }
            ],
            "self_link": "https://container.googleapis.com/v1/projects/tuto-terraform-truan/locations/europe-west9/clusters/tuto-terraform-truan-gke",
            "service_external_ips_config": [
              {
                "enabled": false
              }
            ],
            "services_ipv4_cidr": "10.29.96.0/20",
            "subnetwork": "projects/tuto-terraform-truan/regions/europe-west9/subnetworks/tuto-terraform-truan-subnet",
            "timeouts": null,
            "tpu_ipv4_cidr_block": "",
            "vertical_pod_autoscaling": [],
            "workload_identity_config": []
          },
          "sensitive_attributes": [],
          "private": "eyJlMmJmYjczMC1lY2FhLTExZTYtOGY4OC0zNDM2M2JjN2M0YzAiOnsiY3JlYXRlIjoyNDAwMDAwMDAwMDAwLCJkZWxldGUiOjI0MDAwMDAwMDAwMDAsInJlYWQiOjI0MDAwMDAwMDAwMDAsInVwZGF0ZSI6MzYwMDAwMDAwMDAwMH0sInNjaGVtYV92ZXJzaW9uIjoiMiJ9",
          "dependencies": [
            "google_compute_network.myvpc",
            "google_compute_subnetwork.mysubnet"
          ]
        }
      ]
    }
  ],
  "check_results": null
}
